
Microsoft Visual Studio Solution File, Format Version 12.00
# Visual Studio Version 17
VisualStudioVersion = 17.12.35728.132
MinimumVisualStudioVersion = 10.0.40219.1
Project("{FAE04EC0-301F-11D3-BF4B-00C04F79EFBC}") = "RealEstateApp.Web", "RealEstateApp.Web\RealEstateApp.Web.csproj", "{19D8F6EB-2B29-4A34-A2C6-A83D5BEC70DD}"
EndProject
Project("{FAE04EC0-301F-11D3-BF4B-00C04F79EFBC}") = "RealEstateApp.Web.ViewModels", "RealEstateApp.Web.ViewModels\RealEstateApp.Web.ViewModels.csproj", "{D963E0BA-161B-4105-9C40-BB519647BF65}"
EndProject
Project("{FAE04EC0-301F-11D3-BF4B-00C04F79EFBC}") = "RealEstateApp.Common", "RealEstateApp.Common\RealEstateApp.Common.csproj", "{1FDBB27F-E8DF-43D8-87E7-506950C92C93}"
EndProject
Project("{FAE04EC0-301F-11D3-BF4B-00C04F79EFBC}") = "RealEstateApp.Data.Models", "RealEstateApp.Data.Models\RealEstateApp.Data.Models.csproj", "{C4A88036-9834-4C71-8889-68B34C098E04}"
EndProject
Project("{2150E333-8FDC-42A3-9474-1A3956D46DE8}") = "Web", "Web", "{C4949D5D-3168-4098-BBCE-548043524684}"
EndProject
Project("{2150E333-8FDC-42A3-9474-1A3956D46DE8}") = "Data", "Data", "{F0767DF4-1857-4D3D-A56F-96D891CA6B89}"
EndProject
Project("{FAE04EC0-301F-11D3-BF4B-00C04F79EFBC}") = "RealEstateApp.Data", "RealEstateApp.Data\RealEstateApp.Data.csproj", "{CCAA2FF8-D6A8-41BD-92A7-4F8082588A6F}"
EndProject
Project("{2150E333-8FDC-42A3-9474-1A3956D46DE8}") = "Services", "Services", "{2F1B4F1C-1CE8-43C1-AAC4-F9C3D5BA0260}"
EndProject
Project("{FAE04EC0-301F-11D3-BF4B-00C04F79EFBC}") = "RealEstateApp.Services.Data", "RealEstateApp.Services.Data\RealEstateApp.Services.Data.csproj", "{A9480D45-AFE8-44DF-AD38-3D680219BE08}"
EndProject
Project("{FAE04EC0-301F-11D3-BF4B-00C04F79EFBC}") = "RealEstateApp.Web.Infrastructure", "RealEstateApp.Web.Infrastructure\RealEstateApp.Web.Infrastructure.csproj", "{B43E451E-3B6B-42B7-A7FB-B15D9C38B7BD}"
EndProject
Project("{FAE04EC0-301F-11D3-BF4B-00C04F79EFBC}") = "RealEstateApp.WebApi", "RealEstateApp.WebApi\RealEstateApp.WebApi.csproj", "{D64FC4B4-573E-454B-B241-E555C22FBAA7}"
EndProject
Global
	GlobalSection(SolutionConfigurationPlatforms) = preSolution
		Debug|Any CPU = Debug|Any CPU
		Release|Any CPU = Release|Any CPU
	EndGlobalSection
	GlobalSection(ProjectConfigurationPlatforms) = postSolution
		{19D8F6EB-2B29-4A34-A2C6-A83D5BEC70DD}.Debug|Any CPU.ActiveCfg = Debug|Any CPU
		{19D8F6EB-2B29-4A34-A2C6-A83D5BEC70DD}.Debug|Any CPU.Build.0 = Debug|Any CPU
		{19D8F6EB-2B29-4A34-A2C6-A83D5BEC70DD}.Release|Any CPU.ActiveCfg = Release|Any CPU
		{19D8F6EB-2B29-4A34-A2C6-A83D5BEC70DD}.Release|Any CPU.Build.0 = Release|Any CPU
		{D963E0BA-161B-4105-9C40-BB519647BF65}.Debug|Any CPU.ActiveCfg = Debug|Any CPU
		{D963E0BA-161B-4105-9C40-BB519647BF65}.Debug|Any CPU.Build.0 = Debug|Any CPU
		{D963E0BA-161B-4105-9C40-BB519647BF65}.Release|Any CPU.ActiveCfg = Release|Any CPU
		{D963E0BA-161B-4105-9C40-BB519647BF65}.Release|Any CPU.Build.0 = Release|Any CPU
		{1FDBB27F-E8DF-43D8-87E7-506950C92C93}.Debug|Any CPU.ActiveCfg = Debug|Any CPU
		{1FDBB27F-E8DF-43D8-87E7-506950C92C93}.Debug|Any CPU.Build.0 = Debug|Any CPU
		{1FDBB27F-E8DF-43D8-87E7-506950C92C93}.Release|Any CPU.ActiveCfg = Release|Any CPU
		{1FDBB27F-E8DF-43D8-87E7-506950C92C93}.Release|Any CPU.Build.0 = Release|Any CPU
		{C4A88036-9834-4C71-8889-68B34C098E04}.Debug|Any CPU.ActiveCfg = Debug|Any CPU
		{C4A88036-9834-4C71-8889-68B34C098E04}.Debug|Any CPU.Build.0 = Debug|Any CPU
		{C4A88036-9834-4C71-8889-68B34C098E04}.Release|Any CPU.ActiveCfg = Release|Any CPU
		{C4A88036-9834-4C71-8889-68B34C098E04}.Release|Any CPU.Build.0 = Release|Any CPU
		{CCAA2FF8-D6A8-41BD-92A7-4F8082588A6F}.Debug|Any CPU.ActiveCfg = Debug|Any CPU
		{CCAA2FF8-D6A8-41BD-92A7-4F8082588A6F}.Debug|Any CPU.Build.0 = Debug|Any CPU
		{CCAA2FF8-D6A8-41BD-92A7-4F8082588A6F}.Release|Any CPU.ActiveCfg = Release|Any CPU
		{CCAA2FF8-D6A8-41BD-92A7-4F8082588A6F}.Release|Any CPU.Build.0 = Release|Any CPU
		{A9480D45-AFE8-44DF-AD38-3D680219BE08}.Debug|Any CPU.ActiveCfg = Debug|Any CPU
		{A9480D45-AFE8-44DF-AD38-3D680219BE08}.Debug|Any CPU.Build.0 = Debug|Any CPU
		{A9480D45-AFE8-44DF-AD38-3D680219BE08}.Release|Any CPU.ActiveCfg = Release|Any CPU
		{A9480D45-AFE8-44DF-AD38-3D680219BE08}.Release|Any CPU.Build.0 = Release|Any CPU
		{B43E451E-3B6B-42B7-A7FB-B15D9C38B7BD}.Debug|Any CPU.ActiveCfg = Debug|Any CPU
		{B43E451E-3B6B-42B7-A7FB-B15D9C38B7BD}.Debug|Any CPU.Build.0 = Debug|Any CPU
		{B43E451E-3B6B-42B7-A7FB-B15D9C38B7BD}.Release|Any CPU.ActiveCfg = Release|Any CPU
		{B43E451E-3B6B-42B7-A7FB-B15D9C38B7BD}.Release|Any CPU.Build.0 = Release|Any CPU
		{D64FC4B4-573E-454B-B241-E555C22FBAA7}.Debug|Any CPU.ActiveCfg = Debug|Any CPU
		{D64FC4B4-573E-454B-B241-E555C22FBAA7}.Debug|Any CPU.Build.0 = Debug|Any CPU
		{D64FC4B4-573E-454B-B241-E555C22FBAA7}.Release|Any CPU.ActiveCfg = Release|Any CPU
		{D64FC4B4-573E-454B-B241-E555C22FBAA7}.Release|Any CPU.Build.0 = Release|Any CPU
	EndGlobalSection
	GlobalSection(SolutionProperties) = preSolution
		HideSolutionNode = FALSE
	EndGlobalSection
	GlobalSection(NestedProjects) = preSolution
		{19D8F6EB-2B29-4A34-A2C6-A83D5BEC70DD} = {C4949D5D-3168-4098-BBCE-548043524684}
		{D963E0BA-161B-4105-9C40-BB519647BF65} = {C4949D5D-3168-4098-BBCE-548043524684}
		{C4A88036-9834-4C71-8889-68B34C098E04} = {F0767DF4-1857-4D3D-A56F-96D891CA6B89}
		{CCAA2FF8-D6A8-41BD-92A7-4F8082588A6F} = {F0767DF4-1857-4D3D-A56F-96D891CA6B89}
		{A9480D45-AFE8-44DF-AD38-3D680219BE08} = {2F1B4F1C-1CE8-43C1-AAC4-F9C3D5BA0260}
		{B43E451E-3B6B-42B7-A7FB-B15D9C38B7BD} = {C4949D5D-3168-4098-BBCE-548043524684}
	EndGlobalSection
	GlobalSection(ExtensibilityGlobals) = postSolution
		SolutionGuid = {896336FF-AFA6-453D-AE77-25A73F41C3BA}
	EndGlobalSection
EndGlobal
